
Microsoft Visual Studio Solution File, Format Version 12.00
# Visual Studio 15
VisualStudioVersion = 15.0.27130.2010
MinimumVisualStudioVersion = 10.0.40219.1
Project("{FAE04EC0-301F-11D3-BF4B-00C04F79EFBC}") = "DeviceSensors", "DeviceSensors.csproj", "{BE50FBFC-EA44-4979-9901-39A12855181D}"
EndProject
Global
	GlobalSection(SolutionConfigurationPlatforms) = preSolution
		Debug|Any CPU = Debug|Any CPU
		Release|Any CPU = Release|Any CPU
	EndGlobalSection
	GlobalSection(ProjectConfigurationPlatforms) = postSolution
		{BE50FBFC-EA44-4979-9901-39A12855181D}.Debug|Any CPU.ActiveCfg = Debug|Any CPU
		{BE50FBFC-EA44-4979-9901-39A12855181D}.Debug|Any CPU.Build.0 = Debug|Any CPU
		{BE50FBFC-EA44-4979-9901-39A12855181D}.Release|Any CPU.ActiveCfg = Release|Any CPU
		{BE50FBFC-EA44-4979-9901-39A12855181D}.Release|Any CPU.Build.0 = Release|Any CPU
	EndGlobalSection
	GlobalSection(SolutionProperties) = preSolution
		HideSolutionNode = FALSE
	EndGlobalSection
	GlobalSection(ExtensibilityGlobals) = postSolution
		SolutionGuid = {F0CE3BBE-EDC4-40D4-B9C5-79C613B4B19F}
	EndGlobalSection
EndGlobal
